
Microsoft Visual Studio Solution File, Format Version 12.00
# Visual Studio Version 16
VisualStudioVersion = 16.0.29102.190
MinimumVisualStudioVersion = 10.0.40219.1
Project("{FAE04EC0-301F-11D3-BF4B-00C04F79EFBC}") = "ICalMerge", "ICalMerge\ICalMerge.csproj", "{0815223D-3ED1-4572-9056-64E5FEC1148A}"
EndProject
Global
	GlobalSection(SolutionConfigurationPlatforms) = preSolution
		Debug|Any CPU = Debug|Any CPU
		Release|Any CPU = Release|Any CPU
	EndGlobalSection
	GlobalSection(ProjectConfigurationPlatforms) = postSolution
		{0815223D-3ED1-4572-9056-64E5FEC1148A}.Debug|Any CPU.ActiveCfg = Debug|Any CPU
		{0815223D-3ED1-4572-9056-64E5FEC1148A}.Debug|Any CPU.Build.0 = Debug|Any CPU
		{0815223D-3ED1-4572-9056-64E5FEC1148A}.Release|Any CPU.ActiveCfg = Release|Any CPU
		{0815223D-3ED1-4572-9056-64E5FEC1148A}.Release|Any CPU.Build.0 = Release|Any CPU
	EndGlobalSection
	GlobalSection(SolutionProperties) = preSolution
		HideSolutionNode = FALSE
	EndGlobalSection
	GlobalSection(ExtensibilityGlobals) = postSolution
		SolutionGuid = {BAF310CE-FB39-4DCC-8FED-077750E89F47}
	EndGlobalSection
EndGlobal
